dependencies:
- name: loki-distributed
  repository: https://grafana.github.io/helm-charts
  version: 0.79.2
- name: promtail
  repository: https://grafana.github.io/helm-charts
  version: 6.16.4
digest: sha256:7d3c406307b7e2fab6301da759d996e64c9236c80f8b0ab2c005e4faac49410c
generated: "2024-08-09T07:01:55.083972986Z"
