dependencies:
- name: loki-distributed
  repository: https://grafana.github.io/helm-charts
  version: 0.80.6
- name: promtail
  repository: https://grafana.github.io/helm-charts
  version: 6.17.1
- name: alloy
  repository: https://grafana.github.io/helm-charts
  version: 1.13.1
digest: sha256:d8ce471ff51a86893ffbf5ba452035b537dea599e89cd4267eaa5db3be8fcf26
generated: "2026-10-09T07:13:34.71425952Z"
